// !$*UTF8*$!
{
	archiveVersion = 1;
	classes = {
	};
	objectVersion = 50;
	objects = {

/* Begin PBXBuildFile section */
		51E0F7D6005DCEE69AA1334D /* Pods_XMYLFMUITests.framework in Frameworks */ = {isa = PBXBuildFile; fileRef = 80BCF253359F7544C81DB429 /* Pods_XMYLFMUITests.framework */; };
		569C7E3C50D5EDC5A84FE85E /* Pods_XMYLFM.framework in Frameworks */ = {isa = PBXBuildFile; fileRef = C686E113C598E38B78AD8F36 /* Pods_XMYLFM.framework */; };
		76BF9D10B140A75B74759F31 /* Pods_XMYLFMTests.framework in Frameworks */ = {isa = PBXBuildFile; fileRef = 36681FE7DB5280557310AF18 /* Pods_XMYLFMTests.framework */; };
		7817E376218C436D00385D70 /* DiscoverHeaderCell.swift in Sources */ = {isa = PBXBuildFile; fileRef = 7817E375218C436D00385D70 /* DiscoverHeaderCell.swift */; };
		7817E378218C4E2800385D70 /* UIColor+Extension.swift in Sources */ = {isa = PBXBuildFile; fileRef = 7817E377218C4E2800385D70 /* UIColor+Extension.swift */; };
		7830165A218BE42B005C148F /* MineModel.swift in Sources */ = {isa = PBXBuildFile; fileRef = 78301659218BE42B005C148F /* MineModel.swift */; };
		7830165C218C0801005C148F /* UIBarButtonItem+Extension.swift in Sources */ = {isa = PBXBuildFile; fileRef = 7830165B218C0801005C148F /* UIBarButtonItem+Extension.swift */; };
		78301660218C274D005C148F /* DiscoverHeaderView.swift in Sources */ = {isa = PBXBuildFile; fileRef = 7830165F218C274D005C148F /* DiscoverHeaderView.swift */; };
		78301662218C276A005C148F /* DiscoverModel.swift in Sources */ = {isa = PBXBuildFile; fileRef = 78301661218C276A005C148F /* DiscoverModel.swift */; };
		78301665218C2A24005C148F /* DiscoverViewModel.swift in Sources */ = {isa = PBXBuildFile; fileRef = 78301664218C2A24005C148F /* DiscoverViewModel.swift */; };
		783156A3218FD67D00D0D890 /* UserInfoModel.swift in Sources */ = {isa = PBXBuildFile; fileRef = 783156A2218FD67D00D0D890 /* UserInfoModel.swift */; };
		783156BA2190258000D0D890 /* FMRecommendController.swift in Sources */ = {isa = PBXBuildFile; fileRef = 783156B92190258000D0D890 /* FMRecommendController.swift */; };
		783156BC2190259E00D0D890 /* FMIntereDubController.swift in Sources */ = {isa = PBXBuildFile; fileRef = 783156BB2190259E00D0D890 /* FMIntereDubController.swift */; };
		783156BE219025B900D0D890 /* FMCircleController.swift in Sources */ = {isa = PBXBuildFile; fileRef = 783156BD219025B900D0D890 /* FMCircleController.swift */; };
		783156C0219025CF00D0D890 /* FMFollowController.swift in Sources */ = {isa = PBXBuildFile; fileRef = 783156BF219025CF00D0D890 /* FMFollowController.swift */; };
		783156C22190275A00D0D890 /* FMCircleModel.swift in Sources */ = {isa = PBXBuildFile; fileRef = 783156C12190275A00D0D890 /* FMCircleModel.swift */; };
		783156C42190336A00D0D890 /* FMCollectionView.swift in Sources */ = {isa = PBXBuildFile; fileRef = 783156C32190336A00D0D890 /* FMCollectionView.swift */; };
		783156C62190339600D0D890 /* FMCircleViewCell.swift in Sources */ = {isa = PBXBuildFile; fileRef = 783156C52190339600D0D890 /* FMCircleViewCell.swift */; };
		783156C8219037B300D0D890 /* FMCircleCollectionCell.swift in Sources */ = {isa = PBXBuildFile; fileRef = 783156C7219037B300D0D890 /* FMCircleCollectionCell.swift */; };
		783156CB21904A6500D0D890 /* FMInterestDubCell.swift in Sources */ = {isa = PBXBuildFile; fileRef = 783156C921904A6500D0D890 /* FMInterestDubCell.swift */; };
		783156CC21904A6500D0D890 /* FMInterestDubCell.xib in Resources */ = {isa = PBXBuildFile; fileRef = 783156CA21904A6500D0D890 /* FMInterestDubCell.xib */; };
		783156CE21904AE000D0D890 /* FMIntereDubModel.swift in Sources */ = {isa = PBXBuildFile; fileRef = 783156CD21904AE000D0D890 /* FMIntereDubModel.swift */; };
		785377772191689800D82E57 /* FMRecommendModel.swift in Sources */ = {isa = PBXBuildFile; fileRef = 785377762191689800D82E57 /* FMRecommendModel.swift */; };
		7853777A2191718100D82E57 /* FMRecommendCell.swift in Sources */ = {isa = PBXBuildFile; fileRef = 785377782191718100D82E57 /* FMRecommendCell.swift */; };
		7853777B2191718100D82E57 /* FMRecommendCell.xib in Resources */ = {isa = PBXBuildFile; fileRef = 785377792191718100D82E57 /* FMRecommendCell.xib */; };
		7853777D2191756F00D82E57 /* FMPicCollectionView.swift in Sources */ = {isa = PBXBuildFile; fileRef = 7853777C2191756F00D82E57 /* FMPicCollectionView.swift */; };
		78537783219191E800D82E57 /* FMPicCollectionViewCell.swift in Sources */ = {isa = PBXBuildFile; fileRef = 78537782219191E800D82E57 /* FMPicCollectionViewCell.swift */; };
		785377852191973300D82E57 /* NSDate+Extension.swift in Sources */ = {isa = PBXBuildFile; fileRef = 785377842191973300D82E57 /* NSDate+Extension.swift */; };
		785377882191A27A00D82E57 /* FMPhotoBrowserController.swift in Sources */ = {isa = PBXBuildFile; fileRef = 785377872191A27A00D82E57 /* FMPhotoBrowserController.swift */; };
		7853778A2191A38600D82E57 /* FMPhotoBrowserCell.swift in Sources */ = {isa = PBXBuildFile; fileRef = 785377892191A38600D82E57 /* FMPhotoBrowserCell.swift */; };
		786A8B91218A992C00A1677D /* MineCell.swift in Sources */ = {isa = PBXBuildFile; fileRef = 786A8B8F218A992C00A1677D /* MineCell.swift */; };
		786A8B92218A992C00A1677D /* MineCell.xib in Resources */ = {isa = PBXBuildFile; fileRef = 786A8B90218A992C00A1677D /* MineCell.xib */; };
		786A8B94218AAB5100A1677D /* NetworkTool.swift in Sources */ = {isa = PBXBuildFile; fileRef = 786A8B93218AAB5100A1677D /* NetworkTool.swift */; };
		786A8B96218AAB8F00A1677D /* FMConst.swift in Sources */ = {isa = PBXBuildFile; fileRef = 786A8B95218AAB8F00A1677D /* FMConst.swift */; };
		786A8B98218AAB9B00A1677D /* FMConstUrl.swift in Sources */ = {isa = PBXBuildFile; fileRef = 786A8B97218AAB9B00A1677D /* FMConstUrl.swift */; };
		786A8BA4218AD77100A1677D /* FMLoginViewController.swift in Sources */ = {isa = PBXBuildFile; fileRef = 786A8BA0218AD77100A1677D /* FMLoginViewController.swift */; };
		786A8BA5218AD77100A1677D /* FMLoginViewController.xib in Resources */ = {isa = PBXBuildFile; fileRef = 786A8BA1218AD77100A1677D /* FMLoginViewController.xib */; };
		786A8BA7218AD77E00A1677D /* LoginHelper.swift in Sources */ = {isa = PBXBuildFile; fileRef = 786A8BA6218AD77E00A1677D /* LoginHelper.swift */; };
		7879E5862193D8C3007B25C6 /* HHRefreshGifHeader.swift in Sources */ = {isa = PBXBuildFile; fileRef = 7879E5852193D8C3007B25C6 /* HHRefreshGifHeader.swift */; };
		78C26FBD2192CFE0000126EA /* ListenHeaderView.swift in Sources */ = {isa = PBXBuildFile; fileRef = 78C26FBC2192CFE0000126EA /* ListenHeaderView.swift */; };
		78C26FCC2192D0CE000126EA /* FMOneListenController.swift in Sources */ = {isa = PBXBuildFile; fileRef = 78C26FCB2192D0CE000126EA /* FMOneListenController.swift */; };
		78C26FD02192D0EE000126EA /* FMListenRecommendController.swift in Sources */ = {isa = PBXBuildFile; fileRef = 78C26FCF2192D0EE000126EA /* FMListenRecommendController.swift */; };
		78C26FD22192D10F000126EA /* FMSubscribeController.swift in Sources */ = {isa = PBXBuildFile; fileRef = 78C26FD12192D10F000126EA /* FMSubscribeController.swift */; };
		78C26FD42192E7AE000126EA /* FMOneListenCell.swift in Sources */ = {isa = PBXBuildFile; fileRef = 78C26FD32192E7AE000126EA /* FMOneListenCell.swift */; };
		78C26FD62192E7C1000126EA /* FMOneListenModel.swift in Sources */ = {isa = PBXBuildFile; fileRef = 78C26FD52192E7C1000126EA /* FMOneListenModel.swift */; };
		78C26FD82192E7DA000126EA /* FMListRecommedModel.swift in Sources */ = {isa = PBXBuildFile; fileRef = 78C26FD72192E7DA000126EA /* FMListRecommedModel.swift */; };
		78C26FDA2192E80A000126EA /* FMSubscribeModel.swift in Sources */ = {isa = PBXBuildFile; fileRef = 78C26FD92192E80A000126EA /* FMSubscribeModel.swift */; };
		78C26FDE2192F51C000126EA /* FMListenRecommendCell.swift in Sources */ = {isa = PBXBuildFile; fileRef = 78C26FDD2192F51C000126EA /* FMListenRecommendCell.swift */; };
		78D0CA052193E5A5008B85EE /* FMListenChannelController.swift in Sources */ = {isa = PBXBuildFile; fileRef = 78D0CA042193E5A5008B85EE /* FMListenChannelController.swift */; };
		78D0CA1A219419E1008B85EE /* FMHomeRecommendController.swift in Sources */ = {isa = PBXBuildFile; fileRef = 78D0CA19219419E1008B85EE /* FMHomeRecommendController.swift */; };
		78D0CA1C219419F7008B85EE /* FMVipController.swift in Sources */ = {isa = PBXBuildFile; fileRef = 78D0CA1B219419F7008B85EE /* FMVipController.swift */; };
		78D0CA1E21941A0F008B85EE /* FMNovelController.swift in Sources */ = {isa = PBXBuildFile; fileRef = 78D0CA1D21941A0F008B85EE /* FMNovelController.swift */; };
		78ED2E4621899FF200ADEC10 /* XMYLFMTests.swift in Sources */ = {isa = PBXBuildFile; fileRef = 78ED2E4521899FF200ADEC10 /* XMYLFMTests.swift */; };
		78ED2E5121899FF200ADEC10 /* XMYLFMUITests.swift in Sources */ = {isa = PBXBuildFile; fileRef = 78ED2E5021899FF200ADEC10 /* XMYLFMUITests.swift */; };
		78ED2E872189A56C00ADEC10 /* AppDelegate.swift in Sources */ = {isa = PBXBuildFile; fileRef = 78ED2E642189A56B00ADEC10 /* AppDelegate.swift */; };
		78ED2E882189A56C00ADEC10 /* LaunchScreen.storyboard in Resources */ = {isa = PBXBuildFile; fileRef = 78ED2E812189A56C00ADEC10 /* LaunchScreen.storyboard */; };
		78ED2E8A2189A56C00ADEC10 /* Assets.xcassets in Resources */ = {isa = PBXBuildFile; fileRef = 78ED2E862189A56C00ADEC10 /* Assets.xcassets */; };
		78ED2E8C2189A5C900ADEC10 /* BaseUIViewController.swift in Sources */ = {isa = PBXBuildFile; fileRef = 78ED2E8B2189A5C900ADEC10 /* BaseUIViewController.swift */; };
		78ED2E8E2189A5E900ADEC10 /* BaseNavViewController.swift in Sources */ = {isa = PBXBuildFile; fileRef = 78ED2E8D2189A5E900ADEC10 /* BaseNavViewController.swift */; };
		78ED2E902189A60400ADEC10 /* BaseTableViewController.swift in Sources */ = {isa = PBXBuildFile; fileRef = 78ED2E8F2189A60400ADEC10 /* BaseTableViewController.swift */; };
		78ED2E922189A62500ADEC10 /* BaseCell.swift in Sources */ = {isa = PBXBuildFile; fileRef = 78ED2E912189A62500ADEC10 /* BaseCell.swift */; };
		78ED2E942189A64000ADEC10 /* BaseModel.swift in Sources */ = {isa = PBXBuildFile; fileRef = 78ED2E932189A64000ADEC10 /* BaseModel.swift */; };
		78ED2E962189A66900ADEC10 /* HomeViewController.swift in Sources */ = {isa = PBXBuildFile; fileRef = 78ED2E952189A66900ADEC10 /* HomeViewController.swift */; };
		78ED2E982189A68400ADEC10 /* ListenViewController.swift in Sources */ = {isa = PBXBuildFile; fileRef = 78ED2E972189A68400ADEC10 /* ListenViewController.swift */; };
		78ED2E9A2189A69100ADEC10 /* MineViewController.swift in Sources */ = {isa = PBXBuildFile; fileRef = 78ED2E992189A69100ADEC10 /* MineViewController.swift */; };
		78ED2E9C2189A6A700ADEC10 /* PlayViewController.swift in Sources */ = {isa = PBXBuildFile; fileRef = 78ED2E9B2189A6A700ADEC10 /* PlayViewController.swift */; };
		78ED2E9E2189A77700ADEC10 /* DiscoverViewController.swift in Sources */ = {isa = PBXBuildFile; fileRef = 78ED2E9D2189A77700ADEC10 /* DiscoverViewController.swift */; };
		78ED2EA02189A8E100ADEC10 /* BaseTabBarViewController.swift in Sources */ = {isa = PBXBuildFile; fileRef = 78ED2E9F2189A8E100ADEC10 /* BaseTabBarViewController.swift */; };
		78ED2EA22189B3B100ADEC10 /* UIButton+Extension.swift in Sources */ = {isa = PBXBuildFile; fileRef = 78ED2EA12189B3B100ADEC10 /* UIButton+Extension.swift */; };
		9C2D552021947A5E009176A6 /* FMGuessYouLikeCell.swift in Sources */ = {isa = PBXBuildFile; fileRef = 9C2D551F21947A5E009176A6 /* FMGuessYouLikeCell.swift */; };
/* End PBXBuildFile section */

/* Begin PBXContainerItemProxy section */
		78ED2E4221899FF200ADEC10 /* PBXContainerItemProxy */ = {
			isa = PBXContainerItemProxy;
			containerPortal = 78ED2E2521899FF000ADEC10 /* Project object */;
			proxyType = 1;
			remoteGlobalIDString = 78ED2E2C21899FF000ADEC10;
			remoteInfo = XMYLFM;
		};
		78ED2E4D21899FF200ADEC10 /* PBXContainerItemProxy */ = {
			isa = PBXContainerItemProxy;
			containerPortal = 78ED2E2521899FF000ADEC10 /* Project object */;
			proxyType = 1;
			remoteGlobalIDString = 78ED2E2C21899FF000ADEC10;
			remoteInfo = XMYLFM;
		};
/* End PBXContainerItemProxy section */

/* Begin PBXFileReference section */
		0FEF1B074FECF2256198D45A /* Pods-XMYLFMTests.debug.xcconfig */ = {isa = PBXFileReference; includeInIndex = 1; lastKnownFileType = text.xcconfig; name = "Pods-XMYLFMTests.debug.xcconfig"; path = "Target Support Files/Pods-XMYLFMTests/Pods-XMYLFMTests.debug.xcconfig"; sourceTree = "<group>"; };
		36681FE7DB5280557310AF18 /* Pods_XMYLFMTests.framework */ = {isa = PBXFileReference; explicitFileType = wrapper.framework; includeInIndex = 0; path = Pods_XMYLFMTests.framework; sourceTree = BUILT_PRODUCTS_DIR; };
		419982B0ED702356AF539E80 /* Pods-XMYLFMUITests.debug.xcconfig */ = {isa = PBXFileReference; includeInIndex = 1; lastKnownFileType = text.xcconfig; name = "Pods-XMYLFMUITests.debug.xcconfig"; path = "Target Support Files/Pods-XMYLFMUITests/Pods-XMYLFMUITests.debug.xcconfig"; sourceTree = "<group>"; };
		5952AB1D0B283408C31B188F /* Pods-XMYLFM.release.xcconfig */ = {isa = PBXFileReference; includeInIndex = 1; lastKnownFileType = text.xcconfig; name = "Pods-XMYLFM.release.xcconfig"; path = "Target Support Files/Pods-XMYLFM/Pods-XMYLFM.release.xcconfig"; sourceTree = "<group>"; };
		7817E375218C436D00385D70 /* DiscoverHeaderCell.swift */ = {isa = PBXFileReference; lastKnownFileType = sourcecode.swift; path = DiscoverHeaderCell.swift; sourceTree = "<group>"; };
		7817E377218C4E2800385D70 /* UIColor+Extension.swift */ = {isa = PBXFileReference; lastKnownFileType = sourcecode.swift; path = "UIColor+Extension.swift"; sourceTree = "<group>"; };
		78301659218BE42B005C148F /* MineModel.swift */ = {isa = PBXFileReference; lastKnownFileType = sourcecode.swift; path = MineModel.swift; sourceTree = "<group>"; };
		7830165B218C0801005C148F /* UIBarButtonItem+Extension.swift */ = {isa = PBXFileReference; lastKnownFileType = sourcecode.swift; path = "UIBarButtonItem+Extension.swift"; sourceTree = "<group>"; };
		7830165F218C274D005C148F /* DiscoverHeaderView.swift */ = {isa = PBXFileReference; lastKnownFileType = sourcecode.swift; path = DiscoverHeaderView.swift; sourceTree = "<group>"; };
		78301661218C276A005C148F /* DiscoverModel.swift */ = {isa = PBXFileReference; lastKnownFileType = sourcecode.swift; path = DiscoverModel.swift; sourceTree = "<group>"; };
		78301664218C2A24005C148F /* DiscoverViewModel.swift */ = {isa = PBXFileReference; lastKnownFileType = sourcecode.swift; path = DiscoverViewModel.swift; sourceTree = "<group>"; };
		783156A2218FD67D00D0D890 /* UserInfoModel.swift */ = {isa = PBXFileReference; lastKnownFileType = sourcecode.swift; path = UserInfoModel.swift; sourceTree = "<group>"; };
		783156B92190258000D0D890 /* FMRecommendController.swift */ = {isa = PBXFileReference; lastKnownFileType = sourcecode.swift; path = FMRecommendController.swift; sourceTree = "<group>"; };
		783156BB2190259E00D0D890 /* FMIntereDubController.swift */ = {isa = PBXFileReference; lastKnownFileType = sourcecode.swift; path = FMIntereDubController.swift; sourceTree = "<group>"; };
		783156BD219025B900D0D890 /* FMCircleController.swift */ = {isa = PBXFileReference; lastKnownFileType = sourcecode.swift; path = FMCircleController.swift; sourceTree = "<group>"; };
		783156BF219025CF00D0D890 /* FMFollowController.swift */ = {isa = PBXFileReference; lastKnownFileType = sourcecode.swift; path = FMFollowController.swift; sourceTree = "<group>"; };
		783156C12190275A00D0D890 /* FMCircleModel.swift */ = {isa = PBXFileReference; lastKnownFileType = sourcecode.swift; path = FMCircleModel.swift; sourceTree = "<group>"; };
		783156C32190336A00D0D890 /* FMCollectionView.swift */ = {isa = PBXFileReference; lastKnownFileType = sourcecode.swift; path = FMCollectionView.swift; sourceTree = "<group>"; };
		783156C52190339600D0D890 /* FMCircleViewCell.swift */ = {isa = PBXFileReference; lastKnownFileType = sourcecode.swift; path = FMCircleViewCell.swift; sourceTree = "<group>"; };
		783156C7219037B300D0D890 /* FMCircleCollectionCell.swift */ = {isa = PBXFileReference; lastKnownFileType = sourcecode.swift; path = FMCircleCollectionCell.swift; sourceTree = "<group>"; };
		783156C921904A6500D0D890 /* FMInterestDubCell.swift */ = {isa = PBXFileReference; lastKnownFileType = sourcecode.swift; path = FMInterestDubCell.swift; sourceTree = "<group>"; };
		783156CA21904A6500D0D890 /* FMInterestDubCell.xib */ = {isa = PBXFileReference; lastKnownFileType = file.xib; path = FMInterestDubCell.xib; sourceTree = "<group>"; };
		783156CD21904AE000D0D890 /* FMIntereDubModel.swift */ = {isa = PBXFileReference; lastKnownFileType = sourcecode.swift; path = FMIntereDubModel.swift; sourceTree = "<group>"; };
		785377762191689800D82E57 /* FMRecommendModel.swift */ = {isa = PBXFileReference; lastKnownFileType = sourcecode.swift; path = FMRecommendModel.swift; sourceTree = "<group>"; };
		785377782191718100D82E57 /* FMRecommendCell.swift */ = {isa = PBXFileReference; lastKnownFileType = sourcecode.swift; path = FMRecommendCell.swift; sourceTree = "<group>"; };
		785377792191718100D82E57 /* FMRecommendCell.xib */ = {isa = PBXFileReference; lastKnownFileType = file.xib; path = FMRecommendCell.xib; sourceTree = "<group>"; };
		7853777C2191756F00D82E57 /* FMPicCollectionView.swift */ = {isa = PBXFileReference; lastKnownFileType = sourcecode.swift; path = FMPicCollectionView.swift; sourceTree = "<group>"; };
		78537782219191E800D82E57 /* FMPicCollectionViewCell.swift */ = {isa = PBXFileReference; lastKnownFileType = sourcecode.swift; path = FMPicCollectionViewCell.swift; sourceTree = "<group>"; };
		785377842191973300D82E57 /* NSDate+Extension.swift */ = {isa = PBXFileReference; lastKnownFileType = sourcecode.swift; path = "NSDate+Extension.swift"; sourceTree = "<group>"; };
		785377872191A27A00D82E57 /* FMPhotoBrowserController.swift */ = {isa = PBXFileReference; lastKnownFileType = sourcecode.swift; path = FMPhotoBrowserController.swift; sourceTree = "<group>"; };
		785377892191A38600D82E57 /* FMPhotoBrowserCell.swift */ = {isa = PBXFileReference; lastKnownFileType = sourcecode.swift; path = FMPhotoBrowserCell.swift; sourceTree = "<group>"; };
		786A8B8F218A992C00A1677D /* MineCell.swift */ = {isa = PBXFileReference; lastKnownFileType = sourcecode.swift; lineEnding = 0; path = MineCell.swift; sourceTree = "<group>"; };
		786A8B90218A992C00A1677D /* MineCell.xib */ = {isa = PBXFileReference; lastKnownFileType = file.xib; path = MineCell.xib; sourceTree = "<group>"; };
		786A8B93218AAB5100A1677D /* NetworkTool.swift */ = {isa = PBXFileReference; fileEncoding = 4; lastKnownFileType = sourcecode.swift; path = NetworkTool.swift; sourceTree = "<group>"; };
		786A8B95218AAB8F00A1677D /* FMConst.swift */ = {isa = PBXFileReference; lastKnownFileType = sourcecode.swift; path = FMConst.swift; sourceTree = "<group>"; };
		786A8B97218AAB9B00A1677D /* FMConstUrl.swift */ = {isa = PBXFileReference; lastKnownFileType = sourcecode.swift; path = FMConstUrl.swift; sourceTree = "<group>"; };
		786A8BA0218AD77100A1677D /* FMLoginViewController.swift */ = {isa = PBXFileReference; fileEncoding = 4; lastKnownFileType = sourcecode.swift; path = FMLoginViewController.swift; sourceTree = "<group>"; };
		786A8BA1218AD77100A1677D /* FMLoginViewController.xib */ = {isa = PBXFileReference; fileEncoding = 4; lastKnownFileType = file.xib; path = FMLoginViewController.xib; sourceTree = "<group>"; };
		786A8BA6218AD77E00A1677D /* LoginHelper.swift */ = {isa = PBXFileReference; lastKnownFileType = sourcecode.swift; path = LoginHelper.swift; sourceTree = "<group>"; };
		7879E5852193D8C3007B25C6 /* HHRefreshGifHeader.swift */ = {isa = PBXFileReference; lastKnownFileType = sourcecode.swift; path = HHRefreshGifHeader.swift; sourceTree = "<group>"; };
		78C26FBC2192CFE0000126EA /* ListenHeaderView.swift */ = {isa = PBXFileReference; lastKnownFileType = sourcecode.swift; path = ListenHeaderView.swift; sourceTree = "<group>"; };
		78C26FCB2192D0CE000126EA /* FMOneListenController.swift */ = {isa = PBXFileReference; lastKnownFileType = sourcecode.swift; path = FMOneListenController.swift; sourceTree = "<group>"; };
		78C26FCF2192D0EE000126EA /* FMListenRecommendController.swift */ = {isa = PBXFileReference; lastKnownFileType = sourcecode.swift; path = FMListenRecommendController.swift; sourceTree = "<group>"; };
		78C26FD12192D10F000126EA /* FMSubscribeController.swift */ = {isa = PBXFileReference; lastKnownFileType = sourcecode.swift; path = FMSubscribeController.swift; sourceTree = "<group>"; };
		78C26FD32192E7AE000126EA /* FMOneListenCell.swift */ = {isa = PBXFileReference; lastKnownFileType = sourcecode.swift; path = FMOneListenCell.swift; sourceTree = "<group>"; };
		78C26FD52192E7C1000126EA /* FMOneListenModel.swift */ = {isa = PBXFileReference; lastKnownFileType = sourcecode.swift; path = FMOneListenModel.swift; sourceTree = "<group>"; };
		78C26FD72192E7DA000126EA /* FMListRecommedModel.swift */ = {isa = PBXFileReference; lastKnownFileType = sourcecode.swift; path = FMListRecommedModel.swift; sourceTree = "<group>"; };
		78C26FD92192E80A000126EA /* FMSubscribeModel.swift */ = {isa = PBXFileReference; lastKnownFileType = sourcecode.swift; path = FMSubscribeModel.swift; sourceTree = "<group>"; };
		78C26FDD2192F51C000126EA /* FMListenRecommendCell.swift */ = {isa = PBXFileReference; lastKnownFileType = sourcecode.swift; path = FMListenRecommendCell.swift; sourceTree = "<group>"; };
		78D0CA042193E5A5008B85EE /* FMListenChannelController.swift */ = {isa = PBXFileReference; lastKnownFileType = sourcecode.swift; path = FMListenChannelController.swift; sourceTree = "<group>"; };
		78D0CA19219419E1008B85EE /* FMHomeRecommendController.swift */ = {isa = PBXFileReference; lastKnownFileType = sourcecode.swift; path = FMHomeRecommendController.swift; sourceTree = "<group>"; };
		78D0CA1B219419F7008B85EE /* FMVipController.swift */ = {isa = PBXFileReference; lastKnownFileType = sourcecode.swift; path = FMVipController.swift; sourceTree = "<group>"; };
		78D0CA1D21941A0F008B85EE /* FMNovelController.swift */ = {isa = PBXFileReference; lastKnownFileType = sourcecode.swift; path = FMNovelController.swift; sourceTree = "<group>"; };
		78ED2E2D21899FF000ADEC10 /* XMYLFM.app */ = {isa = PBXFileReference; explicitFileType = wrapper.application; includeInIndex = 0; path = XMYLFM.app; sourceTree = BUILT_PRODUCTS_DIR; };
		78ED2E3C21899FF200ADEC10 /* Info.plist */ = {isa = PBXFileReference; lastKnownFileType = text.plist.xml; path = Info.plist; sourceTree = "<group>"; };
		78ED2E4121899FF200ADEC10 /* XMYLFMTests.xctest */ = {isa = PBXFileReference; explicitFileType = wrapper.cfbundle; includeInIndex = 0; path = XMYLFMTests.xctest; sourceTree = BUILT_PRODUCTS_DIR; };
		78ED2E4521899FF200ADEC10 /* XMYLFMTests.swift */ = {isa = PBXFileReference; lastKnownFileType = sourcecode.swift; path = XMYLFMTests.swift; sourceTree = "<group>"; };
		78ED2E4721899FF200ADEC10 /* Info.plist */ = {isa = PBXFileReference; lastKnownFileType = text.plist.xml; path = Info.plist; sourceTree = "<group>"; };
		78ED2E4C21899FF200ADEC10 /* XMYLFMUITests.xctest */ = {isa = PBXFileReference; explicitFileType = wrapper.cfbundle; includeInIndex = 0; path = XMYLFMUITests.xctest; sourceTree = BUILT_PRODUCTS_DIR; };
		78ED2E5021899FF200ADEC10 /* XMYLFMUITests.swift */ = {isa = PBXFileReference; lastKnownFileType = sourcecode.swift; path = XMYLFMUITests.swift; sourceTree = "<group>"; };
		78ED2E5221899FF200ADEC10 /* Info.plist */ = {isa = PBXFileReference; lastKnownFileType = text.plist.xml; path = Info.plist; sourceTree = "<group>"; };
		78ED2E642189A56B00ADEC10 /* AppDelegate.swift */ = {isa = PBXFileReference; fileEncoding = 4; lastKnownFileType = sourcecode.swift; path = AppDelegate.swift; sourceTree = "<group>"; };
		78ED2E822189A56C00ADEC10 /* Base */ = {isa = PBXFileReference; lastKnownFileType = file.storyboard; name = Base; path = Base.lproj/LaunchScreen.storyboard; sourceTree = "<group>"; };
		78ED2E862189A56C00ADEC10 /* Assets.xcassets */ = {isa = PBXFileReference; lastKnownFileType = folder.assetcatalog; path = Assets.xcassets; sourceTree = "<group>"; };
		78ED2E8B2189A5C900ADEC10 /* BaseUIViewController.swift */ = {isa = PBXFileReference; lastKnownFileType = sourcecode.swift; path = BaseUIViewController.swift; sourceTree = "<group>"; };
		78ED2E8D2189A5E900ADEC10 /* BaseNavViewController.swift */ = {isa = PBXFileReference; lastKnownFileType = sourcecode.swift; path = BaseNavViewController.swift; sourceTree = "<group>"; };
		78ED2E8F2189A60400ADEC10 /* BaseTableViewController.swift */ = {isa = PBXFileReference; lastKnownFileType = sourcecode.swift; path = BaseTableViewController.swift; sourceTree = "<group>"; };
		78ED2E912189A62500ADEC10 /* BaseCell.swift */ = {isa = PBXFileReference; lastKnownFileType = sourcecode.swift; path = BaseCell.swift; sourceTree = "<group>"; };
		78ED2E932189A64000ADEC10 /* BaseModel.swift */ = {isa = PBXFileReference; lastKnownFileType = sourcecode.swift; path = BaseModel.swift; sourceTree = "<group>"; };
		78ED2E952189A66900ADEC10 /* HomeViewController.swift */ = {isa = PBXFileReference; lastKnownFileType = sourcecode.swift; path = HomeViewController.swift; sourceTree = "<group>"; };
		78ED2E972189A68400ADEC10 /* ListenViewController.swift */ = {isa = PBXFileReference; lastKnownFileType = sourcecode.swift; path = ListenViewController.swift; sourceTree = "<group>"; };
		78ED2E992189A69100ADEC10 /* MineViewController.swift */ = {isa = PBXFileReference; lastKnownFileType = sourcecode.swift; path = MineViewController.swift; sourceTree = "<group>"; };
		78ED2E9B2189A6A700ADEC10 /* PlayViewController.swift */ = {isa = PBXFileReference; lastKnownFileType = sourcecode.swift; path = PlayViewController.swift; sourceTree = "<group>"; };
		78ED2E9D2189A77700ADEC10 /* DiscoverViewController.swift */ = {isa = PBXFileReference; lastKnownFileType = sourcecode.swift; path = DiscoverViewController.swift; sourceTree = "<group>"; };
		78ED2E9F2189A8E100ADEC10 /* BaseTabBarViewController.swift */ = {isa = PBXFileReference; lastKnownFileType = sourcecode.swift; path = BaseTabBarViewController.swift; sourceTree = "<group>"; };
		78ED2EA12189B3B100ADEC10 /* UIButton+Extension.swift */ = {isa = PBXFileReference; lastKnownFileType = sourcecode.swift; path = "UIButton+Extension.swift"; sourceTree = "<group>"; };
		7B6EBD13E4959C7B17A8A31F /* Pods-XMYLFM.debug.xcconfig */ = {isa = PBXFileReference; includeInIndex = 1; lastKnownFileType = text.xcconfig; name = "Pods-XMYLFM.debug.xcconfig"; path = "Target Support Files/Pods-XMYLFM/Pods-XMYLFM.debug.xcconfig"; sourceTree = "<group>"; };
		80BCF253359F7544C81DB429 /* Pods_XMYLFMUITests.framework */ = {isa = PBXFileReference; explicitFileType = wrapper.framework; includeInIndex = 0; path = Pods_XMYLFMUITests.framework; sourceTree = BUILT_PRODUCTS_DIR; };
		8FA5EDFDD9F5B419CB377ADB /* Pods-XMYLFMUITests.release.xcconfig */ = {isa = PBXFileReference; includeInIndex = 1; lastKnownFileType = text.xcconfig; name = "Pods-XMYLFMUITests.release.xcconfig"; path = "Target Support Files/Pods-XMYLFMUITests/Pods-XMYLFMUITests.release.xcconfig"; sourceTree = "<group>"; };
		9C2D551F21947A5E009176A6 /* FMGuessYouLikeCell.swift */ = {isa = PBXFileReference; lastKnownFileType = sourcecode.swift; path = FMGuessYouLikeCell.swift; sourceTree = "<group>"; };
		C686E113C598E38B78AD8F36 /* Pods_XMYLFM.framework */ = {isa = PBXFileReference; explicitFileType = wrapper.framework; includeInIndex = 0; path = Pods_XMYLFM.framework; sourceTree = BUILT_PRODUCTS_DIR; };
		E90BC36F2CCE13147C8E6A63 /* Pods-XMYLFMTests.release.xcconfig */ = {isa = PBXFileReference; includeInIndex = 1; lastKnownFileType = text.xcconfig; name = "Pods-XMYLFMTests.release.xcconfig"; path = "Target Support Files/Pods-XMYLFMTests/Pods-XMYLFMTests.release.xcconfig"; sourceTree = "<group>"; };
/* End PBXFileReference section */

/* Begin PBXFrameworksBuildPhase section */
		78ED2E2A21899FF000ADEC10 /* Frameworks */ = {
			isa = PBXFrameworksBuildPhase;
			buildActionMask = 2147483647;
			files = (
				569C7E3C50D5EDC5A84FE85E /* Pods_XMYLFM.framework in Frameworks */,
			);
			runOnlyForDeploymentPostprocessing = 0;
		};
		78ED2E3E21899FF200ADEC10 /* Frameworks */ = {
			isa = PBXFrameworksBuildPhase;
			buildActionMask = 2147483647;
			files = (
				76BF9D10B140A75B74759F31 /* Pods_XMYLFMTests.framework in Frameworks */,
			);
			runOnlyForDeploymentPostprocessing = 0;
		};
		78ED2E4921899FF200ADEC10 /* Frameworks */ = {
			isa = PBXFrameworksBuildPhase;
			buildActionMask = 2147483647;
			files = (
				51E0F7D6005DCEE69AA1334D /* Pods_XMYLFMUITests.framework in Frameworks */,
			);
			runOnlyForDeploymentPostprocessing = 0;
		};
/* End PBXFrameworksBuildPhase section */

/* Begin PBXGroup section */
		305861DF04405FF86B0C69AC /* Frameworks */ = {
			isa = PBXGroup;
			children = (
				C686E113C598E38B78AD8F36 /* Pods_XMYLFM.framework */,
				36681FE7DB5280557310AF18 /* Pods_XMYLFMTests.framework */,
				80BCF253359F7544C81DB429 /* Pods_XMYLFMUITests.framework */,
			);
			name = Frameworks;
			sourceTree = "<group>";
		};
		78301663218C2A10005C148F /* ViewModel */ = {
			isa = PBXGroup;
			children = (
				78301664218C2A24005C148F /* DiscoverViewModel.swift */,
			);
			path = ViewModel;
			sourceTree = "<group>";
		};
		783156A42190248E00D0D890 /* DiscoverSubModule */ = {
			isa = PBXGroup;
			children = (
				783156A92190248E00D0D890 /* Follow */,
				783156B12190248E00D0D890 /* Recommend */,
				783156A52190248E00D0D890 /* Circle */,
				783156AD2190248E00D0D890 /* InterestDub */,
				785377862191A26100D82E57 /* PhotoBrowser */,
			);
			path = DiscoverSubModule;
			sourceTree = "<group>";
		};
		783156A52190248E00D0D890 /* Circle */ = {
			isa = PBXGroup;
			children = (
				783156A62190248E00D0D890 /* Controller */,
				783156A72190248E00D0D890 /* Model */,
				783156A82190248E00D0D890 /* View */,
			);
			path = Circle;
			sourceTree = "<group>";
		};
		783156A62190248E00D0D890 /* Controller */ = {
			isa = PBXGroup;
			children = (
				783156BD219025B900D0D890 /* FMCircleController.swift */,
			);
			path = Controller;
			sourceTree = "<group>";
		};
		783156A72190248E00D0D890 /* Model */ = {
			isa = PBXGroup;
			children = (
				783156C12190275A00D0D890 /* FMCircleModel.swift */,
			);
			path = Model;
			sourceTree = "<group>";
		};
		783156A82190248E00D0D890 /* View */ = {
			isa = PBXGroup;
			children = (
				783156C52190339600D0D890 /* FMCircleViewCell.swift */,
				783156C7219037B300D0D890 /* FMCircleCollectionCell.swift */,
			);
			path = View;
			sourceTree = "<group>";
		};
		783156A92190248E00D0D890 /* Follow */ = {
			isa = PBXGroup;
			children = (
				783156AA2190248E00D0D890 /* Controller */,
				783156AB2190248E00D0D890 /* Model */,
				783156AC2190248E00D0D890 /* View */,
			);
			path = Follow;
			sourceTree = "<group>";
		};
		783156AA2190248E00D0D890 /* Controller */ = {
			isa = PBXGroup;
			children = (
				783156BF219025CF00D0D890 /* FMFollowController.swift */,
			);
			path = Controller;
			sourceTree = "<group>";
		};
		783156AB2190248E00D0D890 /* Model */ = {
			isa = PBXGroup;
			children = (
			);
			path = Model;
			sourceTree = "<group>";
		};
		783156AC2190248E00D0D890 /* View */ = {
			isa = PBXGroup;
			children = (
			);
			path = View;
			sourceTree = "<group>";
		};
		783156AD2190248E00D0D890 /* InterestDub */ = {
			isa = PBXGroup;
			children = (
				783156AE2190248E00D0D890 /* Controller */,
				783156AF2190248E00D0D890 /* Model */,
				783156B02190248E00D0D890 /* View */,
			);
			path = InterestDub;
			sourceTree = "<group>";
		};
		783156AE2190248E00D0D890 /* Controller */ = {
			isa = PBXGroup;
			children = (
				783156BB2190259E00D0D890 /* FMIntereDubController.swift */,
			);
			path = Controller;
			sourceTree = "<group>";
		};
		783156AF2190248E00D0D890 /* Model */ = {
			isa = PBXGroup;
			children = (
				783156CD21904AE000D0D890 /* FMIntereDubModel.swift */,
			);
			path = Model;
			sourceTree = "<group>";
		};
		783156B02190248E00D0D890 /* View */ = {
			isa = PBXGroup;
			children = (
				783156C921904A6500D0D890 /* FMInterestDubCell.swift */,
				783156CA21904A6500D0D890 /* FMInterestDubCell.xib */,
			);
			path = View;
			sourceTree = "<group>";
		};
		783156B12190248E00D0D890 /* Recommend */ = {
			isa = PBXGroup;
			children = (
				783156B22190248E00D0D890 /* Controller */,
				783156B32190248E00D0D890 /* Model */,
				783156B42190248E00D0D890 /* View */,
			);
			path = Recommend;
			sourceTree = "<group>";
		};
		783156B22190248E00D0D890 /* Controller */ = {
			isa = PBXGroup;
			children = (
				783156B92190258000D0D890 /* FMRecommendController.swift */,
			);
			path = Controller;
			sourceTree = "<group>";
		};
		783156B32190248E00D0D890 /* Model */ = {
			isa = PBXGroup;
			children = (
				785377762191689800D82E57 /* FMRecommendModel.swift */,
			);
			path = Model;
			sourceTree = "<group>";
		};
		783156B42190248E00D0D890 /* View */ = {
			isa = PBXGroup;
			children = (
				785377782191718100D82E57 /* FMRecommendCell.swift */,
				785377792191718100D82E57 /* FMRecommendCell.xib */,
				7853777C2191756F00D82E57 /* FMPicCollectionView.swift */,
				78537782219191E800D82E57 /* FMPicCollectionViewCell.swift */,
			);
			path = View;
			sourceTree = "<group>";
		};
		785377862191A26100D82E57 /* PhotoBrowser */ = {
			isa = PBXGroup;
			children = (
				785377872191A27A00D82E57 /* FMPhotoBrowserController.swift */,
				785377892191A38600D82E57 /* FMPhotoBrowserCell.swift */,
			);
			path = PhotoBrowser;
			sourceTree = "<group>";
		};
		786A8B9E218AD77100A1677D /* Login */ = {
			isa = PBXGroup;
			children = (
				786A8B9F218AD77100A1677D /* Controller */,
				786A8BA2218AD77100A1677D /* LoginHelper */,
				9C58F4C4218D251E00AE569F /* Model */,
			);
			path = Login;
			sourceTree = "<group>";
		};
		786A8B9F218AD77100A1677D /* Controller */ = {
			isa = PBXGroup;
			children = (
				786A8BA0218AD77100A1677D /* FMLoginViewController.swift */,
				786A8BA1218AD77100A1677D /* FMLoginViewController.xib */,
			);
			path = Controller;
			sourceTree = "<group>";
		};
		786A8BA2218AD77100A1677D /* LoginHelper */ = {
			isa = PBXGroup;
			children = (
				786A8BA6218AD77E00A1677D /* LoginHelper.swift */,
			);
			path = LoginHelper;
			sourceTree = "<group>";
		};
		7879E5832193D86A007B25C6 /* Tool */ = {
			isa = PBXGroup;
			children = (
				7879E5842193D86A007B25C6 /* Refresh */,
			);
			path = Tool;
			sourceTree = "<group>";
		};
		7879E5842193D86A007B25C6 /* Refresh */ = {
			isa = PBXGroup;
			children = (
				7879E5852193D8C3007B25C6 /* HHRefreshGifHeader.swift */,
			);
			path = Refresh;
			sourceTree = "<group>";
		};
		78C26FBE2192D0B9000126EA /* ListenSubModule */ = {
			isa = PBXGroup;
			children = (
				78C26FC72192D0B9000126EA /* Subscribe */,
				78C26FC32192D0B9000126EA /* Recommend */,
				78C26FBF2192D0B9000126EA /* OnetListen */,
				78D0CA002193E55A008B85EE /* Channel */,
			);
			path = ListenSubModule;
			sourceTree = "<group>";
		};
		78C26FBF2192D0B9000126EA /* OnetListen */ = {
			isa = PBXGroup;
			children = (
				78C26FC02192D0B9000126EA /* Controller */,
				78C26FC12192D0B9000126EA /* Model */,
				78C26FC22192D0B9000126EA /* View */,
			);
			path = OnetListen;
			sourceTree = "<group>";
		};
		78C26FC02192D0B9000126EA /* Controller */ = {
			isa = PBXGroup;
			children = (
				78C26FCB2192D0CE000126EA /* FMOneListenController.swift */,
			);
			path = Controller;
			sourceTree = "<group>";
		};
		78C26FC12192D0B9000126EA /* Model */ = {
			isa = PBXGroup;
			children = (
				78C26FD52192E7C1000126EA /* FMOneListenModel.swift */,
			);
			path = Model;
			sourceTree = "<group>";
		};
		78C26FC22192D0B9000126EA /* View */ = {
			isa = PBXGroup;
			children = (
				78C26FD32192E7AE000126EA /* FMOneListenCell.swift */,
			);
			path = View;
			sourceTree = "<group>";
		};
		78C26FC32192D0B9000126EA /* Recommend */ = {
			isa = PBXGroup;
			children = (
				78C26FC42192D0B9000126EA /* Controller */,
				78C26FC52192D0B9000126EA /* Model */,
				78C26FC62192D0B9000126EA /* View */,
			);
			path = Recommend;
			sourceTree = "<group>";
		};
		78C26FC42192D0B9000126EA /* Controller */ = {
			isa = PBXGroup;
			children = (
				78C26FCF2192D0EE000126EA /* FMListenRecommendController.swift */,
			);
			path = Controller;
			sourceTree = "<group>";
		};
		78C26FC52192D0B9000126EA /* Model */ = {
			isa = PBXGroup;
			children = (
				78C26FD72192E7DA000126EA /* FMListRecommedModel.swift */,
			);
			path = Model;
			sourceTree = "<group>";
		};
		78C26FC62192D0B9000126EA /* View */ = {
			isa = PBXGroup;
			children = (
				78C26FDD2192F51C000126EA /* FMListenRecommendCell.swift */,
			);
			path = View;
			sourceTree = "<group>";
		};
		78C26FC72192D0B9000126EA /* Subscribe */ = {
			isa = PBXGroup;
			children = (
				78C26FC82192D0B9000126EA /* Controller */,
				78C26FC92192D0B9000126EA /* Model */,
			);
			path = Subscribe;
			sourceTree = "<group>";
		};
		78C26FC82192D0B9000126EA /* Controller */ = {
			isa = PBXGroup;
			children = (
				78C26FD12192D10F000126EA /* FMSubscribeController.swift */,
			);
			path = Controller;
			sourceTree = "<group>";
		};
		78C26FC92192D0B9000126EA /* Model */ = {
			isa = PBXGroup;
			children = (
				78C26FD92192E80A000126EA /* FMSubscribeModel.swift */,
			);
			path = Model;
			sourceTree = "<group>";
		};
		78D0CA002193E55A008B85EE /* Channel */ = {
			isa = PBXGroup;
			children = (
				78D0CA012193E55A008B85EE /* Controller */,
				78D0CA022193E55A008B85EE /* Model */,
				78D0CA032193E55A008B85EE /* View */,
			);
			path = Channel;
			sourceTree = "<group>";
		};
		78D0CA012193E55A008B85EE /* Controller */ = {
			isa = PBXGroup;
			children = (
				78D0CA042193E5A5008B85EE /* FMListenChannelController.swift */,
			);
			path = Controller;
			sourceTree = "<group>";
		};
		78D0CA022193E55A008B85EE /* Model */ = {
			isa = PBXGroup;
			children = (
			);
			path = Model;
			sourceTree = "<group>";
		};
		78D0CA032193E55A008B85EE /* View */ = {
			isa = PBXGroup;
			children = (
			);
			path = View;
			sourceTree = "<group>";
		};
		78D0CA0A2194199B008B85EE /* HomeSubModule */ = {
			isa = PBXGroup;
			children = (
				78D0CA0F2194199B008B85EE /* Recommend */,
				78D0CA132194199B008B85EE /* VIP */,
				78D0CA0B2194199B008B85EE /* Novel */,
			);
			path = HomeSubModule;
			sourceTree = "<group>";
		};
		78D0CA0B2194199B008B85EE /* Novel */ = {
			isa = PBXGroup;
			children = (
				78D0CA0C2194199B008B85EE /* Controller */,
				78D0CA0D2194199B008B85EE /* Model */,
				78D0CA0E2194199B008B85EE /* View */,
			);
			path = Novel;
			sourceTree = "<group>";
		};
		78D0CA0C2194199B008B85EE /* Controller */ = {
			isa = PBXGroup;
			children = (
				78D0CA1D21941A0F008B85EE /* FMNovelController.swift */,
			);
			path = Controller;
			sourceTree = "<group>";
		};
		78D0CA0D2194199B008B85EE /* Model */ = {
			isa = PBXGroup;
			children = (
			);
			path = Model;
			sourceTree = "<group>";
		};
		78D0CA0E2194199B008B85EE /* View */ = {
			isa = PBXGroup;
			children = (
			);
			path = View;
			sourceTree = "<group>";
		};
		78D0CA0F2194199B008B85EE /* Recommend */ = {
			isa = PBXGroup;
			children = (
				78D0CA102194199B008B85EE /* Controller */,
				9C2D551E219479F3009176A6 /* View */,
			);
			path = Recommend;
			sourceTree = "<group>";
		};
		78D0CA102194199B008B85EE /* Controller */ = {
			isa = PBXGroup;
			children = (
				78D0CA19219419E1008B85EE /* FMHomeRecommendController.swift */,
			);
			path = Controller;
			sourceTree = "<group>";
		};
		78D0CA132194199B008B85EE /* VIP */ = {
			isa = PBXGroup;
			children = (
				78D0CA142194199B008B85EE /* Controller */,
				78D0CA152194199B008B85EE /* Model */,
				78D0CA162194199B008B85EE /* View */,
			);
			path = VIP;
			sourceTree = "<group>";
		};
		78D0CA142194199B008B85EE /* Controller */ = {
			isa = PBXGroup;
			children = (
				78D0CA1B219419F7008B85EE /* FMVipController.swift */,
			);
			path = Controller;
			sourceTree = "<group>";
		};
		78D0CA152194199B008B85EE /* Model */ = {
			isa = PBXGroup;
			children = (
			);
			path = Model;
			sourceTree = "<group>";
		};
		78D0CA162194199B008B85EE /* View */ = {
			isa = PBXGroup;
			children = (
			);
			path = View;
			sourceTree = "<group>";
		};
		78ED2E2421899FF000ADEC10 = {
			isa = PBXGroup;
			children = (
				78ED2E2F21899FF000ADEC10 /* XMYLFM */,
				78ED2E4421899FF200ADEC10 /* XMYLFMTests */,
				78ED2E4F21899FF200ADEC10 /* XMYLFMUITests */,
				78ED2E2E21899FF000ADEC10 /* Products */,
				8B85660BFBDD4A67033FFBD7 /* Pods */,
				305861DF04405FF86B0C69AC /* Frameworks */,
			);
			sourceTree = "<group>";
		};
		78ED2E2E21899FF000ADEC10 /* Products */ = {
			isa = PBXGroup;
			children = (
				78ED2E2D21899FF000ADEC10 /* XMYLFM.app */,
				78ED2E4121899FF200ADEC10 /* XMYLFMTests.xctest */,
				78ED2E4C21899FF200ADEC10 /* XMYLFMUITests.xctest */,
			);
			name = Products;
			sourceTree = "<group>";
		};
		78ED2E2F21899FF000ADEC10 /* XMYLFM */ = {
			isa = PBXGroup;
			children = (
				78ED2E622189A56B00ADEC10 /* Main */,
				78ED2E5E2189A56B00ADEC10 /* Expand */,
				78ED2E7F2189A56C00ADEC10 /* Resouse */,
				78ED2E3C21899FF200ADEC10 /* Info.plist */,
			);
			path = XMYLFM;
			sourceTree = "<group>";
		};
		78ED2E4421899FF200ADEC10 /* XMYLFMTests */ = {
			isa = PBXGroup;
			children = (
				78ED2E4521899FF200ADEC10 /* XMYLFMTests.swift */,
				78ED2E4721899FF200ADEC10 /* Info.plist */,
			);
			path = XMYLFMTests;
			sourceTree = "<group>";
		};
		78ED2E4F21899FF200ADEC10 /* XMYLFMUITests */ = {
			isa = PBXGroup;
			children = (
				78ED2E5021899FF200ADEC10 /* XMYLFMUITests.swift */,
				78ED2E5221899FF200ADEC10 /* Info.plist */,
			);
			path = XMYLFMUITests;
			sourceTree = "<group>";
		};
		78ED2E5E2189A56B00ADEC10 /* Expand */ = {
			isa = PBXGroup;
			children = (
				78ED2E612189A56B00ADEC10 /* Network */,
				78ED2E602189A56B00ADEC10 /* Macros */,
				78ED2E5F2189A56B00ADEC10 /* Category */,
				7879E5832193D86A007B25C6 /* Tool */,
			);
			path = Expand;
			sourceTree = "<group>";
		};
		78ED2E5F2189A56B00ADEC10 /* Category */ = {
			isa = PBXGroup;
			children = (
				78ED2EA12189B3B100ADEC10 /* UIButton+Extension.swift */,
				7830165B218C0801005C148F /* UIBarButtonItem+Extension.swift */,
				7817E377218C4E2800385D70 /* UIColor+Extension.swift */,
				783156C32190336A00D0D890 /* FMCollectionView.swift */,
				785377842191973300D82E57 /* NSDate+Extension.swift */,
			);
			path = Category;
			sourceTree = "<group>";
		};
		78ED2E602189A56B00ADEC10 /* Macros */ = {
			isa = PBXGroup;
			children = (
				786A8B95218AAB8F00A1677D /* FMConst.swift */,
				786A8B97218AAB9B00A1677D /* FMConstUrl.swift */,
			);
			path = Macros;
			sourceTree = "<group>";
		};
		78ED2E612189A56B00ADEC10 /* Network */ = {
			isa = PBXGroup;
			children = (
				786A8B93218AAB5100A1677D /* NetworkTool.swift */,
			);
			path = Network;
			sourceTree = "<group>";
		};
		78ED2E622189A56B00ADEC10 /* Main */ = {
			isa = PBXGroup;
			children = (
				78ED2E632189A56B00ADEC10 /* AppDelegate */,
				78ED2E652189A56B00ADEC10 /* Base */,
				78ED2E692189A56B00ADEC10 /* Classes */,
				78ED2E7E2189A56B00ADEC10 /* Public */,
			);
			path = Main;
			sourceTree = "<group>";
		};
		78ED2E632189A56B00ADEC10 /* AppDelegate */ = {
			isa = PBXGroup;
			children = (
				78ED2E642189A56B00ADEC10 /* AppDelegate.swift */,
			);
			path = AppDelegate;
			sourceTree = "<group>";
		};
		78ED2E652189A56B00ADEC10 /* Base */ = {
			isa = PBXGroup;
			children = (
				78ED2E662189A56B00ADEC10 /* Controller */,
				78ED2E672189A56B00ADEC10 /* Model */,
				78ED2E682189A56B00ADEC10 /* View */,
			);
			path = Base;
			sourceTree = "<group>";
		};
		78ED2E662189A56B00ADEC10 /* Controller */ = {
			isa = PBXGroup;
			children = (
				78ED2E8B2189A5C900ADEC10 /* BaseUIViewController.swift */,
				78ED2E8D2189A5E900ADEC10 /* BaseNavViewController.swift */,
				78ED2E8F2189A60400ADEC10 /* BaseTableViewController.swift */,
				78ED2E9F2189A8E100ADEC10 /* BaseTabBarViewController.swift */,
			);
			path = Controller;
			sourceTree = "<group>";
		};
		78ED2E672189A56B00ADEC10 /* Model */ = {
			isa = PBXGroup;
			children = (
				78ED2E932189A64000ADEC10 /* BaseModel.swift */,
			);
			path = Model;
			sourceTree = "<group>";
		};
		78ED2E682189A56B00ADEC10 /* View */ = {
			isa = PBXGroup;
			children = (
				78ED2E912189A62500ADEC10 /* BaseCell.swift */,
			);
			path = View;
			sourceTree = "<group>";
		};
		78ED2E692189A56B00ADEC10 /* Classes */ = {
			isa = PBXGroup;
			children = (
				78ED2E6E2189A56B00ADEC10 /* Home */,
				78ED2E722189A56B00ADEC10 /* Listen */,
				78ED2E7A2189A56B00ADEC10 /* Play */,
				78ED2E6A2189A56B00ADEC10 /* Discover */,
				78ED2E762189A56B00ADEC10 /* Mine */,
			);
			path = Classes;
			sourceTree = "<group>";
		};
		78ED2E6A2189A56B00ADEC10 /* Discover */ = {
			isa = PBXGroup;
			children = (
				78301663218C2A10005C148F /* ViewModel */,
				78ED2E6B2189A56B00ADEC10 /* Controller */,
				78ED2E6C2189A56B00ADEC10 /* Model */,
				78ED2E6D2189A56B00ADEC10 /* View */,
			);
			path = Discover;
			sourceTree = "<group>";
		};
		78ED2E6B2189A56B00ADEC10 /* Controller */ = {
			isa = PBXGroup;
			children = (
				78ED2E9D2189A77700ADEC10 /* DiscoverViewController.swift */,
			);
			path = Controller;
			sourceTree = "<group>";
		};
		78ED2E6C2189A56B00ADEC10 /* Model */ = {
			isa = PBXGroup;
			children = (
				78301661218C276A005C148F /* DiscoverModel.swift */,
			);
			path = Model;
			sourceTree = "<group>";
		};
		78ED2E6D2189A56B00ADEC10 /* View */ = {
			isa = PBXGroup;
			children = (
				7830165F218C274D005C148F /* DiscoverHeaderView.swift */,
				7817E375218C436D00385D70 /* DiscoverHeaderCell.swift */,
			);
			path = View;
			sourceTree = "<group>";
		};
		78ED2E6E2189A56B00ADEC10 /* Home */ = {
			isa = PBXGroup;
			children = (
				78ED2E6F2189A56B00ADEC10 /* Controller */,
				78ED2E702189A56B00ADEC10 /* Model */,
				78ED2E712189A56B00ADEC10 /* View */,
			);
			path = Home;
			sourceTree = "<group>";
		};
		78ED2E6F2189A56B00ADEC10 /* Controller */ = {
			isa = PBXGroup;
			children = (
				78ED2E952189A66900ADEC10 /* HomeViewController.swift */,
			);
			path = Controller;
			sourceTree = "<group>";
		};
		78ED2E702189A56B00ADEC10 /* Model */ = {
			isa = PBXGroup;
			children = (
			);
			path = Model;
			sourceTree = "<group>";
		};
		78ED2E712189A56B00ADEC10 /* View */ = {
			isa = PBXGroup;
			children = (
			);
			path = View;
			sourceTree = "<group>";
		};
		78ED2E722189A56B00ADEC10 /* Listen */ = {
			isa = PBXGroup;
			children = (
				78ED2E732189A56B00ADEC10 /* Controller */,
				78ED2E742189A56B00ADEC10 /* Model */,
				78ED2E752189A56B00ADEC10 /* View */,
			);
			path = Listen;
			sourceTree = "<group>";
		};
		78ED2E732189A56B00ADEC10 /* Controller */ = {
			isa = PBXGroup;
			children = (
				78ED2E972189A68400ADEC10 /* ListenViewController.swift */,
			);
			path = Controller;
			sourceTree = "<group>";
		};
		78ED2E742189A56B00ADEC10 /* Model */ = {
			isa = PBXGroup;
			children = (
			);
			path = Model;
			sourceTree = "<group>";
		};
		78ED2E752189A56B00ADEC10 /* View */ = {
			isa = PBXGroup;
			children = (
				78C26FBC2192CFE0000126EA /* ListenHeaderView.swift */,
			);
			path = View;
			sourceTree = "<group>";
		};
		78ED2E762189A56B00ADEC10 /* Mine */ = {
			isa = PBXGroup;
			children = (
				78ED2E772189A56B00ADEC10 /* Controller */,
				78ED2E782189A56B00ADEC10 /* Model */,
				78ED2E792189A56B00ADEC10 /* View */,
			);
			path = Mine;
			sourceTree = "<group>";
		};
		78ED2E772189A56B00ADEC10 /* Controller */ = {
			isa = PBXGroup;
			children = (
				78ED2E992189A69100ADEC10 /* MineViewController.swift */,
			);
			path = Controller;
			sourceTree = "<group>";
		};
		78ED2E782189A56B00ADEC10 /* Model */ = {
			isa = PBXGroup;
			children = (
				78301659218BE42B005C148F /* MineModel.swift */,
			);
			path = Model;
			sourceTree = "<group>";
		};
		78ED2E792189A56B00ADEC10 /* View */ = {
			isa = PBXGroup;
			children = (
				786A8B8F218A992C00A1677D /* MineCell.swift */,
				786A8B90218A992C00A1677D /* MineCell.xib */,
			);
			path = View;
			sourceTree = "<group>";
		};
		78ED2E7A2189A56B00ADEC10 /* Play */ = {
			isa = PBXGroup;
			children = (
				78ED2E7B2189A56B00ADEC10 /* Controller */,
				78ED2E7C2189A56B00ADEC10 /* Model */,
				78ED2E7D2189A56B00ADEC10 /* View */,
			);
			path = Play;
			sourceTree = "<group>";
		};
		78ED2E7B2189A56B00ADEC10 /* Controller */ = {
			isa = PBXGroup;
			children = (
				78ED2E9B2189A6A700ADEC10 /* PlayViewController.swift */,
			);
			path = Controller;
			sourceTree = "<group>";
		};
		78ED2E7C2189A56B00ADEC10 /* Model */ = {
			isa = PBXGroup;
			children = (
			);
			path = Model;
			sourceTree = "<group>";
		};
		78ED2E7D2189A56B00ADEC10 /* View */ = {
			isa = PBXGroup;
			children = (
			);
			path = View;
			sourceTree = "<group>";
		};
		78ED2E7E2189A56B00ADEC10 /* Public */ = {
			isa = PBXGroup;
			children = (
				78D0CA0A2194199B008B85EE /* HomeSubModule */,
				78C26FBE2192D0B9000126EA /* ListenSubModule */,
				783156A42190248E00D0D890 /* DiscoverSubModule */,
				786A8B9E218AD77100A1677D /* Login */,
			);
			path = Public;
			sourceTree = "<group>";
		};
		78ED2E7F2189A56C00ADEC10 /* Resouse */ = {
			isa = PBXGroup;
			children = (
				78ED2E802189A56C00ADEC10 /* Global */,
				78ED2E852189A56C00ADEC10 /* Image */,
			);
			path = Resouse;
			sourceTree = "<group>";
		};
		78ED2E802189A56C00ADEC10 /* Global */ = {
			isa = PBXGroup;
			children = (
				78ED2E812189A56C00ADEC10 /* LaunchScreen.storyboard */,
			);
			path = Global;
			sourceTree = "<group>";
		};
		78ED2E852189A56C00ADEC10 /* Image */ = {
			isa = PBXGroup;
			children = (
				78ED2E862189A56C00ADEC10 /* Assets.xcassets */,
			);
			path = Image;
			sourceTree = "<group>";
		};
		8B85660BFBDD4A67033FFBD7 /* Pods */ = {
			isa = PBXGroup;
			children = (
				7B6EBD13E4959C7B17A8A31F /* Pods-XMYLFM.debug.xcconfig */,
				5952AB1D0B283408C31B188F /* Pods-XMYLFM.release.xcconfig */,
				0FEF1B074FECF2256198D45A /* Pods-XMYLFMTests.debug.xcconfig */,
				E90BC36F2CCE13147C8E6A63 /* Pods-XMYLFMTests.release.xcconfig */,
				419982B0ED702356AF539E80 /* Pods-XMYLFMUITests.debug.xcconfig */,
				8FA5EDFDD9F5B419CB377ADB /* Pods-XMYLFMUITests.release.xcconfig */,
			);
			path = Pods;
			sourceTree = "<group>";
		};
		9C2D551E219479F3009176A6 /* View */ = {
			isa = PBXGroup;
			children = (
				9C2D551F21947A5E009176A6 /* FMGuessYouLikeCell.swift */,
			);
			path = View;
			sourceTree = "<group>";
		};
		9C58F4C4218D251E00AE569F /* Model */ = {
			isa = PBXGroup;
			children = (
				783156A2218FD67D00D0D890 /* UserInfoModel.swift */,
			);
			path = Model;
			sourceTree = "<group>";
		};
/* End PBXGroup section */

/* Begin PBXNativeTarget section */
		78ED2E2C21899FF000ADEC10 /* XMYLFM */ = {
			isa = PBXNativeTarget;
			buildConfigurationList = 78ED2E5521899FF200ADEC10 /* Build configuration list for PBXNativeTarget "XMYLFM" */;
			buildPhases = (
				BE0C93B376A3AF75B0C02412 /* [CP] Check Pods Manifest.lock */,
				78ED2E2921899FF000ADEC10 /* Sources */,
				78ED2E2A21899FF000ADEC10 /* Frameworks */,
				78ED2E2B21899FF000ADEC10 /* Resources */,
				B2031B59E5BE745DB8DA1EF8 /* [CP] Embed Pods Frameworks */,
			);
			buildRules = (
			);
			dependencies = (
			);
			name = XMYLFM;
			productName = XMYLFM;
			productReference = 78ED2E2D21899FF000ADEC10 /* XMYLFM.app */;
			productType = "com.apple.product-type.application";
		};
		78ED2E4021899FF200ADEC10 /* XMYLFMTests */ = {
			isa = PBXNativeTarget;
			buildConfigurationList = 78ED2E5821899FF200ADEC10 /* Build configuration list for PBXNativeTarget "XMYLFMTests" */;
			buildPhases = (
				678555E5EF9FF2BAE3D72C74 /* [CP] Check Pods Manifest.lock */,
				78ED2E3D21899FF200ADEC10 /* Sources */,
				78ED2E3E21899FF200ADEC10 /* Frameworks */,
				78ED2E3F21899FF200ADEC10 /* Resources */,
			);
			buildRules = (
			);
			dependencies = (
				78ED2E4321899FF200ADEC10 /* PBXTargetDependency */,
			);
			name = XMYLFMTests;
			productName = XMYLFMTests;
			productReference = 78ED2E4121899FF200ADEC10 /* XMYLFMTests.xctest */;
			productType = "com.apple.product-type.bundle.unit-test";
		};
		78ED2E4B21899FF200ADEC10 /* XMYLFMUITests */ = {
			isa = PBXNativeTarget;
			buildConfigurationList = 78ED2E5B21899FF200ADEC10 /* Build configuration list for PBXNativeTarget "XMYLFMUITests" */;
			buildPhases = (
				F599B7BA6F511C22F0F14798 /* [CP] Check Pods Manifest.lock */,
				78ED2E4821899FF200ADEC10 /* Sources */,
				78ED2E4921899FF200ADEC10 /* Frameworks */,
				78ED2E4A21899FF200ADEC10 /* Resources */,
			);
			buildRules = (
			);
			dependencies = (
				78ED2E4E21899FF200ADEC10 /* PBXTargetDependency */,
			);
			name = XMYLFMUITests;
			productName = XMYLFMUITests;
			productReference = 78ED2E4C21899FF200ADEC10 /* XMYLFMUITests.xctest */;
			productType = "com.apple.product-type.bundle.ui-testing";
		};
/* End PBXNativeTarget section */

/* Begin PBXProject section */
		78ED2E2521899FF000ADEC10 /* Project object */ = {
			isa = PBXProject;
			attributes = {
				LastSwiftUpdateCheck = 0940;
				LastUpgradeCheck = 0940;
				ORGANIZATIONNAME = flowerflower;
				TargetAttributes = {
					78ED2E2C21899FF000ADEC10 = {
						CreatedOnToolsVersion = 9.4.1;
					};
					78ED2E4021899FF200ADEC10 = {
						CreatedOnToolsVersion = 9.4.1;
						TestTargetID = 78ED2E2C21899FF000ADEC10;
					};
					78ED2E4B21899FF200ADEC10 = {
						CreatedOnToolsVersion = 9.4.1;
						TestTargetID = 78ED2E2C21899FF000ADEC10;
					};
				};
			};
			buildConfigurationList = 78ED2E2821899FF000ADEC10 /* Build configuration list for PBXProject "XMYLFM" */;
			compatibilityVersion = "Xcode 9.3";
			developmentRegion = en;
			hasScannedForEncodings = 0;
			knownRegions = (
				en,
				Base,
			);
			mainGroup = 78ED2E2421899FF000ADEC10;
			productRefGroup = 78ED2E2E21899FF000ADEC10 /* Products */;
			projectDirPath = "";
			projectRoot = "";
			targets = (
				78ED2E2C21899FF000ADEC10 /* XMYLFM */,
				78ED2E4021899FF200ADEC10 /* XMYLFMTests */,
				78ED2E4B21899FF200ADEC10 /* XMYLFMUITests */,
			);
		};
/* End PBXProject section */

/* Begin PBXResourcesBuildPhase section */
		78ED2E2B21899FF000ADEC10 /* Resources */ = {
			isa = PBXResourcesBuildPhase;
			buildActionMask = 2147483647;
			files = (
				78ED2E882189A56C00ADEC10 /* LaunchScreen.storyboard in Resources */,
				7853777B2191718100D82E57 /* FMRecommendCell.xib in Resources */,
				783156CC21904A6500D0D890 /* FMInterestDubCell.xib in Resources */,
				786A8BA5218AD77100A1677D /* FMLoginViewController.xib in Resources */,
				786A8B92218A992C00A1677D /* MineCell.xib in Resources */,
				78ED2E8A2189A56C00ADEC10 /* Assets.xcassets in Resources */,
			);
			runOnlyForDeploymentPostprocessing = 0;
		};
		78ED2E3F21899FF200ADEC10 /* Resources */ = {
			isa = PBXResourcesBuildPhase;
			buildActionMask = 2147483647;
			files = (
			);
			runOnlyForDeploymentPostprocessing = 0;
		};
		78ED2E4A21899FF200ADEC10 /* Resources */ = {
			isa = PBXResourcesBuildPhase;
			buildActionMask = 2147483647;
			files = (
			);
			runOnlyForDeploymentPostprocessing = 0;
		};
/* End PBXResourcesBuildPhase section */

/* Begin PBXShellScriptBuildPhase section */
		678555E5EF9FF2BAE3D72C74 /* [CP] Check Pods Manifest.lock */ = {
			isa = PBXShellScriptBuildPhase;
			buildActionMask = 2147483647;
			files = (
			);
			inputPaths = (
				"${PODS_PODFILE_DIR_PATH}/Podfile.lock",
				"${PODS_ROOT}/Manifest.lock",
			);
			name = "[CP] Check Pods Manifest.lock";
			outputPaths = (
				"$(DERIVED_FILE_DIR)/Pods-XMYLFMTests-checkManifestLockResult.txt",
			);
			runOnlyForDeploymentPostprocessing = 0;
			shellPath = /bin/sh;
			shellScript = "diff \"${PODS_PODFILE_DIR_PATH}/Podfile.lock\" \"${PODS_ROOT}/Manifest.lock\" > /dev/null\nif [ $? != 0 ] ; then\n    # print error to STDERR\n    echo \"error: The sandbox is not in sync with the Podfile.lock. Run 'pod install' or update your CocoaPods installation.\" >&2\n    exit 1\nfi\n# This output is used by Xcode 'outputs' to avoid re-running this script phase.\necho \"SUCCESS\" > \"${SCRIPT_OUTPUT_FILE_0}\"\n";
			showEnvVarsInLog = 0;
		};
		B2031B59E5BE745DB8DA1EF8 /* [CP] Embed Pods Frameworks */ = {
			isa = PBXShellScriptBuildPhase;
			buildActionMask = 2147483647;
			files = (
			);
			inputPaths = (
				"${PODS_ROOT}/Target Support Files/Pods-XMYLFM/Pods-XMYLFM-frameworks.sh",
				"${BUILT_PRODUCTS_DIR}/AFNetworking/AFNetworking.framework",
				"${BUILT_PRODUCTS_DIR}/DZNEmptyDataSet/DZNEmptyDataSet.framework",
				"${BUILT_PRODUCTS_DIR}/FLAnimatedImage/FLAnimatedImage.framework",
				"${BUILT_PRODUCTS_DIR}/HandyJSON/HandyJSON.framework",
				"${BUILT_PRODUCTS_DIR}/JXMarqueeView/JXMarqueeView.framework",
				"${BUILT_PRODUCTS_DIR}/LTScrollView/LTScrollView.framework",
				"${BUILT_PRODUCTS_DIR}/MJRefresh/MJRefresh.framework",
				"${BUILT_PRODUCTS_DIR}/SDWebImage/SDWebImage.framework",
				"${BUILT_PRODUCTS_DIR}/SnapKit/SnapKit.framework",
			);
			name = "[CP] Embed Pods Frameworks";
			outputPaths = (
				"${TARGET_BUILD_DIR}/${FRAMEWORKS_FOLDER_PATH}/AFNetworking.framework",
				"${TARGET_BUILD_DIR}/${FRAMEWORKS_FOLDER_PATH}/DZNEmptyDataSet.framework",
				"${TARGET_BUILD_DIR}/${FRAMEWORKS_FOLDER_PATH}/FLAnimatedImage.framework",
				"${TARGET_BUILD_DIR}/${FRAMEWORKS_FOLDER_PATH}/HandyJSON.framework",
				"${TARGET_BUILD_DIR}/${FRAMEWORKS_FOLDER_PATH}/JXMarqueeView.framework",
				"${TARGET_BUILD_DIR}/${FRAMEWORKS_FOLDER_PATH}/LTScrollView.framework",
				"${TARGET_BUILD_DIR}/${FRAMEWORKS_FOLDER_PATH}/MJRefresh.framework",
				"${TARGET_BUILD_DIR}/${FRAMEWORKS_FOLDER_PATH}/SDWebImage.framework",
				"${TARGET_BUILD_DIR}/${FRAMEWORKS_FOLDER_PATH}/SnapKit.framework",
			);
			runOnlyForDeploymentPostprocessing = 0;
			shellPath = /bin/sh;
			shellScript = "\"${PODS_ROOT}/Target Support Files/Pods-XMYLFM/Pods-XMYLFM-frameworks.sh\"\n";
			showEnvVarsInLog = 0;
		};
		BE0C93B376A3AF75B0C02412 /* [CP] Check Pods Manifest.lock */ = {
			isa = PBXShellScriptBuildPhase;
			buildActionMask = 2147483647;
			files = (
			);
			inputPaths = (
				"${PODS_PODFILE_DIR_PATH}/Podfile.lock",
				"${PODS_ROOT}/Manifest.lock",
			);
			name = "[CP] Check Pods Manifest.lock";
			outputPaths = (
				"$(DERIVED_FILE_DIR)/Pods-XMYLFM-checkManifestLockResult.txt",
			);
			runOnlyForDeploymentPostprocessing = 0;
			shellPath = /bin/sh;
			shellScript = "diff \"${PODS_PODFILE_DIR_PATH}/Podfile.lock\" \"${PODS_ROOT}/Manifest.lock\" > /dev/null\nif [ $? != 0 ] ; then\n    # print error to STDERR\n    echo \"error: The sandbox is not in sync with the Podfile.lock. Run 'pod install' or update your CocoaPods installation.\" >&2\n    exit 1\nfi\n# This output is used by Xcode 'outputs' to avoid re-running this script phase.\necho \"SUCCESS\" > \"${SCRIPT_OUTPUT_FILE_0}\"\n";
			showEnvVarsInLog = 0;
		};
		F599B7BA6F511C22F0F14798 /* [CP] Check Pods Manifest.lock */ = {
			isa = PBXShellScriptBuildPhase;
			buildActionMask = 2147483647;
			files = (
			);
			inputPaths = (
				"${PODS_PODFILE_DIR_PATH}/Podfile.lock",
				"${PODS_ROOT}/Manifest.lock",
			);
			name = "[CP] Check Pods Manifest.lock";
			outputPaths = (
				"$(DERIVED_FILE_DIR)/Pods-XMYLFMUITests-checkManifestLockResult.txt",
			);
			runOnlyForDeploymentPostprocessing = 0;
			shellPath = /bin/sh;
			shellScript = "diff \"${PODS_PODFILE_DIR_PATH}/Podfile.lock\" \"${PODS_ROOT}/Manifest.lock\" > /dev/null\nif [ $? != 0 ] ; then\n    # print error to STDERR\n    echo \"error: The sandbox is not in sync with the Podfile.lock. Run 'pod install' or update your CocoaPods installation.\" >&2\n    exit 1\nfi\n# This output is used by Xcode 'outputs' to avoid re-running this script phase.\necho \"SUCCESS\" > \"${SCRIPT_OUTPUT_FILE_0}\"\n";
			showEnvVarsInLog = 0;
		};
/* End PBXShellScriptBuildPhase section */

/* Begin PBXSourcesBuildPhase section */
		78ED2E2921899FF000ADEC10 /* Sources */ = {
			isa = PBXSourcesBuildPhase;
			buildActionMask = 2147483647;
			files = (
				78C26FBD2192CFE0000126EA /* ListenHeaderView.swift in Sources */,
				783156A3218FD67D00D0D890 /* UserInfoModel.swift in Sources */,
				785377772191689800D82E57 /* FMRecommendModel.swift in Sources */,
				78ED2E942189A64000ADEC10 /* BaseModel.swift in Sources */,
				783156C42190336A00D0D890 /* FMCollectionView.swift in Sources */,
				78ED2E872189A56C00ADEC10 /* AppDelegate.swift in Sources */,
				7817E376218C436D00385D70 /* DiscoverHeaderCell.swift in Sources */,
				785377852191973300D82E57 /* NSDate+Extension.swift in Sources */,
				783156C62190339600D0D890 /* FMCircleViewCell.swift in Sources */,
				783156C22190275A00D0D890 /* FMCircleModel.swift in Sources */,
				78C26FD62192E7C1000126EA /* FMOneListenModel.swift in Sources */,
				7853777A2191718100D82E57 /* FMRecommendCell.swift in Sources */,
				786A8BA7218AD77E00A1677D /* LoginHelper.swift in Sources */,
				78D0CA1A219419E1008B85EE /* FMHomeRecommendController.swift in Sources */,
				78C26FCC2192D0CE000126EA /* FMOneListenController.swift in Sources */,
				78C26FDE2192F51C000126EA /* FMListenRecommendCell.swift in Sources */,
				786A8B96218AAB8F00A1677D /* FMConst.swift in Sources */,
				7830165A218BE42B005C148F /* MineModel.swift in Sources */,
				78C26FD22192D10F000126EA /* FMSubscribeController.swift in Sources */,
				78ED2EA22189B3B100ADEC10 /* UIButton+Extension.swift in Sources */,
				783156CE21904AE000D0D890 /* FMIntereDubModel.swift in Sources */,
				783156C0219025CF00D0D890 /* FMFollowController.swift in Sources */,
				78301662218C276A005C148F /* DiscoverModel.swift in Sources */,
				78ED2E9A2189A69100ADEC10 /* MineViewController.swift in Sources */,
				786A8B98218AAB9B00A1677D /* FMConstUrl.swift in Sources */,
				786A8B94218AAB5100A1677D /* NetworkTool.swift in Sources */,
				78D0CA1C219419F7008B85EE /* FMVipController.swift in Sources */,
				7879E5862193D8C3007B25C6 /* HHRefreshGifHeader.swift in Sources */,
				7853778A2191A38600D82E57 /* FMPhotoBrowserCell.swift in Sources */,
				78ED2E8C2189A5C900ADEC10 /* BaseUIViewController.swift in Sources */,
				785377882191A27A00D82E57 /* FMPhotoBrowserController.swift in Sources */,
				7830165C218C0801005C148F /* UIBarButtonItem+Extension.swift in Sources */,
				783156BC2190259E00D0D890 /* FMIntereDubController.swift in Sources */,
				783156C8219037B300D0D890 /* FMCircleCollectionCell.swift in Sources */,
				78C26FD82192E7DA000126EA /* FMListRecommedModel.swift in Sources */,
				78ED2E982189A68400ADEC10 /* ListenViewController.swift in Sources */,
				783156BE219025B900D0D890 /* FMCircleController.swift in Sources */,
				9C2D552021947A5E009176A6 /* FMGuessYouLikeCell.swift in Sources */,
				78C26FD42192E7AE000126EA /* FMOneListenCell.swift in Sources */,
				78ED2E902189A60400ADEC10 /* BaseTableViewController.swift in Sources */,
				78D0CA1E21941A0F008B85EE /* FMNovelController.swift in Sources */,
				78ED2E9C2189A6A700ADEC10 /* PlayViewController.swift in Sources */,
				78ED2E922189A62500ADEC10 /* BaseCell.swift in Sources */,
				78ED2E9E2189A77700ADEC10 /* DiscoverViewController.swift in Sources */,
				783156CB21904A6500D0D890 /* FMInterestDubCell.swift in Sources */,
				786A8B91218A992C00A1677D /* MineCell.swift in Sources */,
				78C26FD02192D0EE000126EA /* FMListenRecommendController.swift in Sources */,
				78ED2E962189A66900ADEC10 /* HomeViewController.swift in Sources */,
				78D0CA052193E5A5008B85EE /* FMListenChannelController.swift in Sources */,
				786A8BA4218AD77100A1677D /* FMLoginViewController.swift in Sources */,
				78C26FDA2192E80A000126EA /* FMSubscribeModel.swift in Sources */,
				78ED2E8E2189A5E900ADEC10 /* BaseNavViewController.swift in Sources */,
				7853777D2191756F00D82E57 /* FMPicCollectionView.swift in Sources */,
				783156BA2190258000D0D890 /* FMRecommendController.swift in Sources */,
				78301665218C2A24005C148F /* DiscoverViewModel.swift in Sources */,
				7817E378218C4E2800385D70 /* UIColor+Extension.swift in Sources */,
				78301660218C274D005C148F /* DiscoverHeaderView.swift in Sources */,
				78ED2EA02189A8E100ADEC10 /* BaseTabBarViewController.swift in Sources */,
				78537783219191E800D82E57 /* FMPicCollectionViewCell.swift in Sources */,
			);
			runOnlyForDeploymentPostprocessing = 0;
		};
		78ED2E3D21899FF200ADEC10 /* Sources */ = {
			isa = PBXSourcesBuildPhase;
			buildActionMask = 2147483647;
			files = (
				78ED2E4621899FF200ADEC10 /* XMYLFMTests.swift in Sources */,
			);
			runOnlyForDeploymentPostprocessing = 0;
		};
		78ED2E4821899FF200ADEC10 /* Sources */ = {
			isa = PBXSourcesBuildPhase;
			buildActionMask = 2147483647;
			files = (
				78ED2E5121899FF200ADEC10 /* XMYLFMUITests.swift in Sources */,
			);
			runOnlyForDeploymentPostprocessing = 0;
		};
/* End PBXSourcesBuildPhase section */

/* Begin PBXTargetDependency section */
		78ED2E4321899FF200ADEC10 /* PBXTargetDependency */ = {
			isa = PBXTargetDependency;
			target = 78ED2E2C21899FF000ADEC10 /* XMYLFM */;
			targetProxy = 78ED2E4221899FF200ADEC10 /* PBXContainerItemProxy */;
		};
		78ED2E4E21899FF200ADEC10 /* PBXTargetDependency */ = {
			isa = PBXTargetDependency;
			target = 78ED2E2C21899FF000ADEC10 /* XMYLFM */;
			targetProxy = 78ED2E4D21899FF200ADEC10 /* PBXContainerItemProxy */;
		};
/* End PBXTargetDependency section */

/* Begin PBXVariantGroup section */
		78ED2E812189A56C00ADEC10 /* LaunchScreen.storyboard */ = {
			isa = PBXVariantGroup;
			children = (
				78ED2E822189A56C00ADEC10 /* Base */,
			);
			name = LaunchScreen.storyboard;
			sourceTree = "<group>";
		};
/* End PBXVariantGroup section */

/* Begin XCBuildConfiguration section */
		78ED2E5321899FF200ADEC10 /* Debug */ = {
			isa = XCBuildConfiguration;
			buildSettings = {
				ALWAYS_SEARCH_USER_PATHS = NO;
				CLANG_ANALYZER_NONNULL = YES;
				CLANG_ANALYZER_NUMBER_OBJECT_CONVERSION = YES_AGGRESSIVE;
				CLANG_CXX_LANGUAGE_STANDARD = "gnu++14";
				CLANG_CXX_LIBRARY = "libc++";
				CLANG_ENABLE_MODULES = YES;
				CLANG_ENABLE_OBJC_ARC = YES;
				CLANG_ENABLE_OBJC_WEAK = YES;
				CLANG_WARN_BLOCK_CAPTURE_AUTORELEASING = YES;
				CLANG_WARN_BOOL_CONVERSION = YES;
				CLANG_WARN_COMMA = YES;
				CLANG_WARN_CONSTANT_CONVERSION = YES;
				CLANG_WARN_DEPRECATED_OBJC_IMPLEMENTATIONS = YES;
				CLANG_WARN_DIRECT_OBJC_ISA_USAGE = YES_ERROR;
				CLANG_WARN_DOCUMENTATION_COMMENTS = YES;
				CLANG_WARN_EMPTY_BODY = YES;
				CLANG_WARN_ENUM_CONVERSION = YES;
				CLANG_WARN_INFINITE_RECURSION = YES;
				CLANG_WARN_INT_CONVERSION = YES;
				CLANG_WARN_NON_LITERAL_NULL_CONVERSION = YES;
				CLANG_WARN_OBJC_IMPLICIT_RETAIN_SELF = YES;
				CLANG_WARN_OBJC_LITERAL_CONVERSION = YES;
				CLANG_WARN_OBJC_ROOT_CLASS = YES_ERROR;
				CLANG_WARN_RANGE_LOOP_ANALYSIS = YES;
				CLANG_WARN_STRICT_PROTOTYPES = YES;
				CLANG_WARN_SUSPICIOUS_MOVE = YES;
				CLANG_WARN_UNGUARDED_AVAILABILITY = YES_AGGRESSIVE;
				CLANG_WARN_UNREACHABLE_CODE = YES;
				CLANG_WARN__DUPLICATE_METHOD_MATCH = YES;
				CODE_SIGN_IDENTITY = "iPhone Developer";
				COPY_PHASE_STRIP = NO;
				DEBUG_INFORMATION_FORMAT = dwarf;
				ENABLE_STRICT_OBJC_MSGSEND = YES;
				ENABLE_TESTABILITY = YES;
				GCC_C_LANGUAGE_STANDARD = gnu11;
				GCC_DYNAMIC_NO_PIC = NO;
				GCC_NO_COMMON_BLOCKS = YES;
				GCC_OPTIMIZATION_LEVEL = 0;
				GCC_PREPROCESSOR_DEFINITIONS = (
					"DEBUG=1",
					"$(inherited)",
				);
				GCC_WARN_64_TO_32_BIT_CONVERSION = YES;
				GCC_WARN_ABOUT_RETURN_TYPE = YES_ERROR;
				GCC_WARN_UNDECLARED_SELECTOR = YES;
				GCC_WARN_UNINITIALIZED_AUTOS = YES_AGGRESSIVE;
				GCC_WARN_UNUSED_FUNCTION = YES;
				GCC_WARN_UNUSED_VARIABLE = YES;
				IPHONEOS_DEPLOYMENT_TARGET = 11.4;
				MTL_ENABLE_DEBUG_INFO = YES;
				ONLY_ACTIVE_ARCH = YES;
				SDKROOT = iphoneos;
				SWIFT_ACTIVE_COMPILATION_CONDITIONS = DEBUG;
				SWIFT_OPTIMIZATION_LEVEL = "-Onone";
			};
			name = Debug;
		};
		78ED2E5421899FF200ADEC10 /* Release */ = {
			isa = XCBuildConfiguration;
			buildSettings = {
				ALWAYS_SEARCH_USER_PATHS = NO;
				CLANG_ANALYZER_NONNULL = YES;
				CLANG_ANALYZER_NUMBER_OBJECT_CONVERSION = YES_AGGRESSIVE;
				CLANG_CXX_LANGUAGE_STANDARD = "gnu++14";
				CLANG_CXX_LIBRARY = "libc++";
				CLANG_ENABLE_MODULES = YES;
				CLANG_ENABLE_OBJC_ARC = YES;
				CLANG_ENABLE_OBJC_WEAK = YES;
				CLANG_WARN_BLOCK_CAPTURE_AUTORELEASING = YES;
				CLANG_WARN_BOOL_CONVERSION = YES;
				CLANG_WARN_COMMA = YES;
				CLANG_WARN_CONSTANT_CONVERSION = YES;
				CLANG_WARN_DEPRECATED_OBJC_IMPLEMENTATIONS = YES;
				CLANG_WARN_DIRECT_OBJC_ISA_USAGE = YES_ERROR;
				CLANG_WARN_DOCUMENTATION_COMMENTS = YES;
				CLANG_WARN_EMPTY_BODY = YES;
				CLANG_WARN_ENUM_CONVERSION = YES;
				CLANG_WARN_INFINITE_RECURSION = YES;
				CLANG_WARN_INT_CONVERSION = YES;
				CLANG_WARN_NON_LITERAL_NULL_CONVERSION = YES;
				CLANG_WARN_OBJC_IMPLICIT_RETAIN_SELF = YES;
				CLANG_WARN_OBJC_LITERAL_CONVERSION = YES;
				CLANG_WARN_OBJC_ROOT_CLASS = YES_ERROR;
				CLANG_WARN_RANGE_LOOP_ANALYSIS = YES;
				CLANG_WARN_STRICT_PROTOTYPES = YES;
				CLANG_WARN_SUSPICIOUS_MOVE = YES;
				CLANG_WARN_UNGUARDED_AVAILABILITY = YES_AGGRESSIVE;
				CLANG_WARN_UNREACHABLE_CODE = YES;
				CLANG_WARN__DUPLICATE_METHOD_MATCH = YES;
				CODE_SIGN_IDENTITY = "iPhone Developer";
				COPY_PHASE_STRIP = NO;
				DEBUG_INFORMATION_FORMAT = "dwarf-with-dsym";
				ENABLE_NS_ASSERTIONS = NO;
				ENABLE_STRICT_OBJC_MSGSEND = YES;
				GCC_C_LANGUAGE_STANDARD = gnu11;
				GCC_NO_COMMON_BLOCKS = YES;
				GCC_WARN_64_TO_32_BIT_CONVERSION = YES;
				GCC_WARN_ABOUT_RETURN_TYPE = YES_ERROR;
				GCC_WARN_UNDECLARED_SELECTOR = YES;
				GCC_WARN_UNINITIALIZED_AUTOS = YES_AGGRESSIVE;
				GCC_WARN_UNUSED_FUNCTION = YES;
				GCC_WARN_UNUSED_VARIABLE = YES;
				IPHONEOS_DEPLOYMENT_TARGET = 11.4;
				MTL_ENABLE_DEBUG_INFO = NO;
				SDKROOT = iphoneos;
				SWIFT_COMPILATION_MODE = wholemodule;
				SWIFT_OPTIMIZATION_LEVEL = "-O";
				VALIDATE_PRODUCT = YES;
			};
			name = Release;
		};
		78ED2E5621899FF200ADEC10 /* Debug */ = {
			isa = XCBuildConfiguration;
			baseConfigurationReference = 7B6EBD13E4959C7B17A8A31F /* Pods-XMYLFM.debug.xcconfig */;
			buildSettings = {
				ASSETCATALOG_COMPILER_APPICON_NAME = AppIcon;
				CODE_SIGN_STYLE = Automatic;
				DEVELOPMENT_TEAM = WWTFB24CDL;
				INFOPLIST_FILE = XMYLFM/Info.plist;
				IPHONEOS_DEPLOYMENT_TARGET = 9.0;
				LD_RUNPATH_SEARCH_PATHS = (
					"$(inherited)",
					"@executable_path/Frameworks",
				);
				PRODUCT_BUNDLE_IDENTIFIER = "--.XMYLFM";
				PRODUCT_NAME = "$(TARGET_NAME)";
				SWIFT_VERSION = 4.0;
				TARGETED_DEVICE_FAMILY = "1,2";
			};
			name = Debug;
		};
		78ED2E5721899FF200ADEC10 /* Release */ = {
			isa = XCBuildConfiguration;
			baseConfigurationReference = 5952AB1D0B283408C31B188F /* Pods-XMYLFM.release.xcconfig */;
			buildSettings = {
				ASSETCATALOG_COMPILER_APPICON_NAME = AppIcon;
				CODE_SIGN_STYLE = Automatic;
				DEVELOPMENT_TEAM = WWTFB24CDL;
				INFOPLIST_FILE = XMYLFM/Info.plist;
				IPHONEOS_DEPLOYMENT_TARGET = 9.0;
				LD_RUNPATH_SEARCH_PATHS = (
					"$(inherited)",
					"@executable_path/Frameworks",
				);
				PRODUCT_BUNDLE_IDENTIFIER = "--.XMYLFM";
				PRODUCT_NAME = "$(TARGET_NAME)";
				SWIFT_VERSION = 4.0;
				TARGETED_DEVICE_FAMILY = "1,2";
			};
			name = Release;
		};
		78ED2E5921899FF200ADEC10 /* Debug */ = {
			isa = XCBuildConfiguration;
			baseConfigurationReference = 0FEF1B074FECF2256198D45A /* Pods-XMYLFMTests.debug.xcconfig */;
			buildSettings = {
				ALWAYS_EMBED_SWIFT_STANDARD_LIBRARIES = YES;
				BUNDLE_LOADER = "$(TEST_HOST)";
				CODE_SIGN_STYLE = Automatic;
				DEVELOPMENT_TEAM = WWTFB24CDL;
				INFOPLIST_FILE = XMYLFMTests/Info.plist;
				LD_RUNPATH_SEARCH_PATHS = (
					"$(inherited)",
					"@executable_path/Frameworks",
					"@loader_path/Frameworks",
				);
				PRODUCT_BUNDLE_IDENTIFIER = "--.XMYLFMTests";
				PRODUCT_NAME = "$(TARGET_NAME)";
				SWIFT_VERSION = 4.0;
				TARGETED_DEVICE_FAMILY = "1,2";
				TEST_HOST = "$(BUILT_PRODUCTS_DIR)/XMYLFM.app/XMYLFM";
			};
			name = Debug;
		};
		78ED2E5A21899FF200ADEC10 /* Release */ = {
			isa = XCBuildConfiguration;
			baseConfigurationReference = E90BC36F2CCE13147C8E6A63 /* Pods-XMYLFMTests.release.xcconfig */;
			buildSettings = {
				ALWAYS_EMBED_SWIFT_STANDARD_LIBRARIES = YES;
				BUNDLE_LOADER = "$(TEST_HOST)";
				CODE_SIGN_STYLE = Automatic;
				DEVELOPMENT_TEAM = WWTFB24CDL;
				INFOPLIST_FILE = XMYLFMTests/Info.plist;
				LD_RUNPATH_SEARCH_PATHS = (
					"$(inherited)",
					"@executable_path/Frameworks",
					"@loader_path/Frameworks",
				);
				PRODUCT_BUNDLE_IDENTIFIER = "--.XMYLFMTests";
				PRODUCT_NAME = "$(TARGET_NAME)";
				SWIFT_VERSION = 4.0;
				TARGETED_DEVICE_FAMILY = "1,2";
				TEST_HOST = "$(BUILT_PRODUCTS_DIR)/XMYLFM.app/XMYLFM";
			};
			name = Release;
		};
		78ED2E5C21899FF200ADEC10 /* Debug */ = {
			isa = XCBuildConfiguration;
			baseConfigurationReference = 419982B0ED702356AF539E80 /* Pods-XMYLFMUITests.debug.xcconfig */;
			buildSettings = {
				ALWAYS_EMBED_SWIFT_STANDARD_LIBRARIES = YES;
				CODE_SIGN_STYLE = Automatic;
				DEVELOPMENT_TEAM = WWTFB24CDL;
				INFOPLIST_FILE = XMYLFMUITests/Info.plist;
				LD_RUNPATH_SEARCH_PATHS = (
					"$(inherited)",
					"@executable_path/Frameworks",
					"@loader_path/Frameworks",
				);
				PRODUCT_BUNDLE_IDENTIFIER = "--.XMYLFMUITests";
				PRODUCT_NAME = "$(TARGET_NAME)";
				SWIFT_VERSION = 4.0;
				TARGETED_DEVICE_FAMILY = "1,2";
				TEST_TARGET_NAME = XMYLFM;
			};
			name = Debug;
		};
		78ED2E5D21899FF200ADEC10 /* Release */ = {
			isa = XCBuildConfiguration;
			baseConfigurationReference = 8FA5EDFDD9F5B419CB377ADB /* Pods-XMYLFMUITests.release.xcconfig */;
			buildSettings = {
				ALWAYS_EMBED_SWIFT_STANDARD_LIBRARIES = YES;
				CODE_SIGN_STYLE = Automatic;
				DEVELOPMENT_TEAM = WWTFB24CDL;
				INFOPLIST_FILE = XMYLFMUITests/Info.plist;
				LD_RUNPATH_SEARCH_PATHS = (
					"$(inherited)",
					"@executable_path/Frameworks",
					"@loader_path/Frameworks",
				);
				PRODUCT_BUNDLE_IDENTIFIER = "--.XMYLFMUITests";
				PRODUCT_NAME = "$(TARGET_NAME)";
				SWIFT_VERSION = 4.0;
				TARGETED_DEVICE_FAMILY = "1,2";
				TEST_TARGET_NAME = XMYLFM;
			};
			name = Release;
		};
/* End XCBuildConfiguration section */

/* Begin XCConfigurationList section */
		78ED2E2821899FF000ADEC10 /* Build configuration list for PBXProject "XMYLFM" */ = {
			isa = XCConfigurationList;
			buildConfigurations = (
				78ED2E5321899FF200ADEC10 /* Debug */,
				78ED2E5421899FF200ADEC10 /* Release */,
			);
			defaultConfigurationIsVisible = 0;
			defaultConfigurationName = Release;
		};
		78ED2E5521899FF200ADEC10 /* Build configuration list for PBXNativeTarget "XMYLFM" */ = {
			isa = XCConfigurationList;
			buildConfigurations = (
				78ED2E5621899FF200ADEC10 /* Debug */,
				78ED2E5721899FF200ADEC10 /* Release */,
			);
			defaultConfigurationIsVisible = 0;
			defaultConfigurationName = Release;
		};
		78ED2E5821899FF200ADEC10 /* Build configuration list for PBXNativeTarget "XMYLFMTests" */ = {
			isa = XCConfigurationList;
			buildConfigurations = (
				78ED2E5921899FF200ADEC10 /* Debug */,
				78ED2E5A21899FF200ADEC10 /* Release */,
			);
			defaultConfigurationIsVisible = 0;
			defaultConfigurationName = Release;
		};
		78ED2E5B21899FF200ADEC10 /* Build configuration list for PBXNativeTarget "XMYLFMUITests" */ = {
			isa = XCConfigurationList;
			buildConfigurations = (
				78ED2E5C21899FF200ADEC10 /* Debug */,
				78ED2E5D21899FF200ADEC10 /* Release */,
			);
			defaultConfigurationIsVisible = 0;
			defaultConfigurationName = Release;
		};
/* End XCConfigurationList section */
	};
	rootObject = 78ED2E2521899FF000ADEC10 /* Project object */;
}
